{
  "requires": true,
  "lockfileVersion": 1,
  "dependencies": {
    "bootstrap-v4-rtl": {
      "version": "4.1.1-0",
      "resolved": "https://registry.npmjs.org/bootstrap-v4-rtl/-/bootstrap-v4-rtl-4.1.1-0.tgz",
      "integrity": "sha512-SdIrG3ykSzG+XUPWg5929wk1sUmoOW61q+eBHZzAvmJEuSoccgq4oajfM4hUOaJ/GXnb2gHrew7WWTM2bT+K+w=="
    }
  }
}
